
Microsoft Visual Studio Solution File, Format Version 12.00
# Visual Studio Version 16
VisualStudioVersion = 16.0.29709.97
MinimumVisualStudioVersion = 10.0.40219.1
Project("{9A19103F-16F7-4668-BE54-9A1E7A4F7556}") = "AlgorithmPrograms", "AlgorithmPrograms.csproj", "{B8325E80-CA13-4123-8E2E-E40C3D3D44C1}"
EndProject
Project("{9A19103F-16F7-4668-BE54-9A1E7A4F7556}") = "FuctionalPrograms", "..\FuctionalPrograms\FuctionalPrograms.csproj", "{EDACAD08-64F9-4CBE-B3F1-D6A800AE000C}"
EndProject
Global
	GlobalSection(SolutionConfigurationPlatforms) = preSolution
		Debug|Any CPU = Debug|Any CPU
		Release|Any CPU = Release|Any CPU
	EndGlobalSection
	GlobalSection(ProjectConfigurationPlatforms) = postSolution
		{B8325E80-CA13-4123-8E2E-E40C3D3D44C1}.Debug|Any CPU.ActiveCfg = Debug|Any CPU
		{B8325E80-CA13-4123-8E2E-E40C3D3D44C1}.Debug|Any CPU.Build.0 = Debug|Any CPU
		{B8325E80-CA13-4123-8E2E-E40C3D3D44C1}.Release|Any CPU.ActiveCfg = Release|Any CPU
		{B8325E80-CA13-4123-8E2E-E40C3D3D44C1}.Release|Any CPU.Build.0 = Release|Any CPU
		{EDACAD08-64F9-4CBE-B3F1-D6A800AE000C}.Debug|Any CPU.ActiveCfg = Debug|Any CPU
		{EDACAD08-64F9-4CBE-B3F1-D6A800AE000C}.Debug|Any CPU.Build.0 = Debug|Any CPU
		{EDACAD08-64F9-4CBE-B3F1-D6A800AE000C}.Release|Any CPU.ActiveCfg = Release|Any CPU
		{EDACAD08-64F9-4CBE-B3F1-D6A800AE000C}.Release|Any CPU.Build.0 = Release|Any CPU
	EndGlobalSection
	GlobalSection(SolutionProperties) = preSolution
		HideSolutionNode = FALSE
	EndGlobalSection
	GlobalSection(ExtensibilityGlobals) = postSolution
		SolutionGuid = {43F5E344-6C3D-4765-A734-1090C5631B9C}
	EndGlobalSection
EndGlobal
