
Microsoft Visual Studio Solution File, Format Version 12.00
# Visual Studio Version 16
VisualStudioVersion = 16.0.29318.209
MinimumVisualStudioVersion = 10.0.40219.1
Project("{FAE04EC0-301F-11D3-BF4B-00C04F79EFBC}") = "DataStructures", "DataStructures.csproj", "{418BF769-0E80-4AFF-BED9-B3B5F3CCA9F5}"
EndProject
Project("{9A19103F-16F7-4668-BE54-9A1E7A4F7556}") = "AlgorithmPrograms", "..\AlgorithmPrograms\AlgorithmPrograms\AlgorithmPrograms.csproj", "{FC5F27B6-35B4-48A4-91EA-87E60E8B6626}"
EndProject
Project("{9A19103F-16F7-4668-BE54-9A1E7A4F7556}") = "FuctionalPrograms", "..\FunctionalPrograms\functional\FuctionalPrograms.csproj", "{870E26F0-ECD9-497F-8404-A667A77D206C}"
EndProject
Global
	GlobalSection(SolutionConfigurationPlatforms) = preSolution
		Debug|Any CPU = Debug|Any CPU
		Release|Any CPU = Release|Any CPU
	EndGlobalSection
	GlobalSection(ProjectConfigurationPlatforms) = postSolution
		{418BF769-0E80-4AFF-BED9-B3B5F3CCA9F5}.Debug|Any CPU.ActiveCfg = Debug|Any CPU
		{418BF769-0E80-4AFF-BED9-B3B5F3CCA9F5}.Debug|Any CPU.Build.0 = Debug|Any CPU
		{418BF769-0E80-4AFF-BED9-B3B5F3CCA9F5}.Release|Any CPU.ActiveCfg = Release|Any CPU
		{418BF769-0E80-4AFF-BED9-B3B5F3CCA9F5}.Release|Any CPU.Build.0 = Release|Any CPU
		{FC5F27B6-35B4-48A4-91EA-87E60E8B6626}.Debug|Any CPU.ActiveCfg = Debug|Any CPU
		{FC5F27B6-35B4-48A4-91EA-87E60E8B6626}.Debug|Any CPU.Build.0 = Debug|Any CPU
		{FC5F27B6-35B4-48A4-91EA-87E60E8B6626}.Release|Any CPU.ActiveCfg = Release|Any CPU
		{FC5F27B6-35B4-48A4-91EA-87E60E8B6626}.Release|Any CPU.Build.0 = Release|Any CPU
		{870E26F0-ECD9-497F-8404-A667A77D206C}.Debug|Any CPU.ActiveCfg = Debug|Any CPU
		{870E26F0-ECD9-497F-8404-A667A77D206C}.Debug|Any CPU.Build.0 = Debug|Any CPU
		{870E26F0-ECD9-497F-8404-A667A77D206C}.Release|Any CPU.ActiveCfg = Release|Any CPU
		{870E26F0-ECD9-497F-8404-A667A77D206C}.Release|Any CPU.Build.0 = Release|Any CPU
	EndGlobalSection
	GlobalSection(SolutionProperties) = preSolution
		HideSolutionNode = FALSE
	EndGlobalSection
	GlobalSection(ExtensibilityGlobals) = postSolution
		SolutionGuid = {88F51A33-9C48-4364-B07F-92409A9416A9}
	EndGlobalSection
EndGlobal
